
Microsoft Visual Studio Solution File, Format Version 12.00
# Visual Studio Version 16
VisualStudioVersion = 16.0.30021.99
MinimumVisualStudioVersion = 10.0.40219.1
Project("{FAE04EC0-301F-11D3-BF4B-00C04F79EFBC}") = "DocJournalParser", "DocJournalParser.csproj", "{D88EE795-5AAC-4085-A086-6ABD6C6202E4}"
EndProject
Project("{FAE04EC0-301F-11D3-BF4B-00C04F79EFBC}") = "DocJournalParserTEST", "..\DocJournalParserTEST\DocJournalParserTEST.csproj", "{71BFE35D-EF88-49AB-A692-234F061879C5}"
EndProject
Global
	GlobalSection(SolutionConfigurationPlatforms) = preSolution
		Debug|Any CPU = Debug|Any CPU
		Release|Any CPU = Release|Any CPU
	EndGlobalSection
	GlobalSection(ProjectConfigurationPlatforms) = postSolution
		{D88EE795-5AAC-4085-A086-6ABD6C6202E4}.Debug|Any CPU.ActiveCfg = Debug|Any CPU
		{D88EE795-5AAC-4085-A086-6ABD6C6202E4}.Debug|Any CPU.Build.0 = Debug|Any CPU
		{D88EE795-5AAC-4085-A086-6ABD6C6202E4}.Release|Any CPU.ActiveCfg = Release|Any CPU
		{D88EE795-5AAC-4085-A086-6ABD6C6202E4}.Release|Any CPU.Build.0 = Release|Any CPU
		{71BFE35D-EF88-49AB-A692-234F061879C5}.Debug|Any CPU.ActiveCfg = Debug|Any CPU
		{71BFE35D-EF88-49AB-A692-234F061879C5}.Debug|Any CPU.Build.0 = Debug|Any CPU
		{71BFE35D-EF88-49AB-A692-234F061879C5}.Release|Any CPU.ActiveCfg = Release|Any CPU
		{71BFE35D-EF88-49AB-A692-234F061879C5}.Release|Any CPU.Build.0 = Release|Any CPU
	EndGlobalSection
	GlobalSection(SolutionProperties) = preSolution
		HideSolutionNode = FALSE
	EndGlobalSection
	GlobalSection(ExtensibilityGlobals) = postSolution
		SolutionGuid = {C8BA0176-6900-40B9-9476-372BE68F0C23}
	EndGlobalSection
EndGlobal
